// !$*UTF8*$!
{
	archiveVersion = 1;
	classes = {
	};
	objectVersion = 50;
	objects = {

/* Begin PBXBuildFile section */
		18081B3322A9B8C50048857A /* WeatherRepositoryProtocol.swift in Sources */ = {isa = PBXBuildFile; fileRef = 18081B3222A9B8C50048857A /* WeatherRepositoryProtocol.swift */; };
		18081B3522AA16510048857A /* ErrorPresenter.swift in Sources */ = {isa = PBXBuildFile; fileRef = 18081B3422AA16510048857A /* ErrorPresenter.swift */; };
		1808BBDA22AB0F6F0002D5B3 /* CityCoordinates.swift in Sources */ = {isa = PBXBuildFile; fileRef = 1808BBD922AB0F6F0002D5B3 /* CityCoordinates.swift */; };
		1808BBDC22ABB01B0002D5B3 /* ListInteractorTests.swift in Sources */ = {isa = PBXBuildFile; fileRef = 1808BBDB22ABB01B0002D5B3 /* ListInteractorTests.swift */; };
		1808BBDF22ABE1E50002D5B3 /* DetailInteractorTests.swift in Sources */ = {isa = PBXBuildFile; fileRef = 1808BBDE22ABE1E50002D5B3 /* DetailInteractorTests.swift */; };
		1808BBE122ABE2810002D5B3 /* TestObjects.swift in Sources */ = {isa = PBXBuildFile; fileRef = 1808BBE022ABE2810002D5B3 /* TestObjects.swift */; };
		1808BBE422ABE3450002D5B3 /* RealmTests.swift in Sources */ = {isa = PBXBuildFile; fileRef = 1808BBE322ABE3450002D5B3 /* RealmTests.swift */; };
		1808BBE922AC01720002D5B3 /* ListPresenterTests.swift in Sources */ = {isa = PBXBuildFile; fileRef = 1808BBE822AC01720002D5B3 /* ListPresenterTests.swift */; };
		1808BBEB22AC0DDE0002D5B3 /* BaseProject.framework in Frameworks */ = {isa = PBXBuildFile; fileRef = 1808BBEA22AC0DDE0002D5B3 /* BaseProject.framework */; };
		1808BBED22AC0E540002D5B3 /* BaseProject.framework in Frameworks */ = {isa = PBXBuildFile; fileRef = 1808BBEA22AC0DDE0002D5B3 /* BaseProject.framework */; };
		1808BBEE22AC0E540002D5B3 /* BaseProject.framework in Embed Frameworks */ = {isa = PBXBuildFile; fileRef = 1808BBEA22AC0DDE0002D5B3 /* BaseProject.framework */; settings = {ATTRIBUTES = (CodeSignOnCopy, RemoveHeadersOnCopy, ); }; };
		180A100C22A3FBFF0096E0A3 /* Weather.swift in Sources */ = {isa = PBXBuildFile; fileRef = 180A100B22A3FBFF0096E0A3 /* Weather.swift */; };
		180A100F22A3FC710096E0A3 /* ListCell.xib in Resources */ = {isa = PBXBuildFile; fileRef = 180A100E22A3FC710096E0A3 /* ListCell.xib */; };
		180A101122A400940096E0A3 /* ListCell.swift in Sources */ = {isa = PBXBuildFile; fileRef = 180A101022A400940096E0A3 /* ListCell.swift */; };
		180A101322A4464F0096E0A3 /* ListCellViewModel.swift in Sources */ = {isa = PBXBuildFile; fileRef = 180A101222A4464F0096E0A3 /* ListCellViewModel.swift */; };
		180A101B22A45C740096E0A3 /* UIColor+.swift in Sources */ = {isa = PBXBuildFile; fileRef = 180A101A22A45C740096E0A3 /* UIColor+.swift */; };
		180A101D22A45E020096E0A3 /* UIFont+.swift in Sources */ = {isa = PBXBuildFile; fileRef = 180A101C22A45E020096E0A3 /* UIFont+.swift */; };
		180A102B22A467B00096E0A3 /* APIServiceError.swift in Sources */ = {isa = PBXBuildFile; fileRef = 180A102A22A467B00096E0A3 /* APIServiceError.swift */; };
		180A102D22A467C70096E0A3 /* Endpoint.swift in Sources */ = {isa = PBXBuildFile; fileRef = 180A102C22A467C70096E0A3 /* Endpoint.swift */; };
		180A102F22A467D10096E0A3 /* APIManager.swift in Sources */ = {isa = PBXBuildFile; fileRef = 180A102E22A467D10096E0A3 /* APIManager.swift */; };
		180A103F22A489200096E0A3 /* EndpointTests.swift in Sources */ = {isa = PBXBuildFile; fileRef = 180A103E22A489200096E0A3 /* EndpointTests.swift */; };
		180AE5F522AAD8440050A308 /* DetailViewModel.swift in Sources */ = {isa = PBXBuildFile; fileRef = 180AE5F422AAD8440050A308 /* DetailViewModel.swift */; };
		180C19F422A6373900E20480 /* RequestModels.swift in Sources */ = {isa = PBXBuildFile; fileRef = 180C19F322A6373900E20480 /* RequestModels.swift */; };
		18157BF622A8632200F834EA /* RealmService.swift in Sources */ = {isa = PBXBuildFile; fileRef = 18157BF522A8632200F834EA /* RealmService.swift */; };
		18157BF822A866E300F834EA /* RealmServiceError.swift in Sources */ = {isa = PBXBuildFile; fileRef = 18157BF722A866E300F834EA /* RealmServiceError.swift */; };
		18157BFA22A8687000F834EA /* RealmCityForecast.swift in Sources */ = {isa = PBXBuildFile; fileRef = 18157BF922A8687000F834EA /* RealmCityForecast.swift */; };
		18157BFC22A8699000F834EA /* RealmWeather.swift in Sources */ = {isa = PBXBuildFile; fileRef = 18157BFB22A8699000F834EA /* RealmWeather.swift */; };
		181FA03222A5D0A800E24A80 /* URLSession+.swift in Sources */ = {isa = PBXBuildFile; fileRef = 181FA03122A5D0A800E24A80 /* URLSession+.swift */; };
		185F3E4522A6EF5D00E1DC8A /* CityForecast.swift in Sources */ = {isa = PBXBuildFile; fileRef = 185F3E4422A6EF5D00E1DC8A /* CityForecast.swift */; };
		185F3E4822A6F72400E1DC8A /* WeatherRepository.swift in Sources */ = {isa = PBXBuildFile; fileRef = 185F3E4722A6F72400E1DC8A /* WeatherRepository.swift */; };
		1894D36D22A2F9360074276B /* AppDelegate.swift in Sources */ = {isa = PBXBuildFile; fileRef = 1894D36C22A2F9360074276B /* AppDelegate.swift */; };
		1894D37422A2F9370074276B /* Assets.xcassets in Resources */ = {isa = PBXBuildFile; fileRef = 1894D37322A2F9370074276B /* Assets.xcassets */; };
		1894D37722A2F9370074276B /* LaunchScreen.storyboard in Resources */ = {isa = PBXBuildFile; fileRef = 1894D37522A2F9370074276B /* LaunchScreen.storyboard */; };
		1894D3CA22A31AFB0074276B /* UIWindow+.swift in Sources */ = {isa = PBXBuildFile; fileRef = 1894D3C922A31AFB0074276B /* UIWindow+.swift */; };
		1894D3EC22A336390074276B /* ListPresenter.swift in Sources */ = {isa = PBXBuildFile; fileRef = 1894D3E222A336390074276B /* ListPresenter.swift */; };
		1894D3ED22A336390074276B /* ListViewController.swift in Sources */ = {isa = PBXBuildFile; fileRef = 1894D3E422A336390074276B /* ListViewController.swift */; };
		1894D3EE22A336390074276B /* List.storyboard in Resources */ = {isa = PBXBuildFile; fileRef = 1894D3E522A336390074276B /* List.storyboard */; };
		1894D3EF22A336390074276B /* ListProtocols.swift in Sources */ = {isa = PBXBuildFile; fileRef = 1894D3E722A336390074276B /* ListProtocols.swift */; };
		1894D3F022A336390074276B /* ListInteractor.swift in Sources */ = {isa = PBXBuildFile; fileRef = 1894D3E922A336390074276B /* ListInteractor.swift */; };
		1894D3F122A336390074276B /* ListRouter.swift in Sources */ = {isa = PBXBuildFile; fileRef = 1894D3EB22A336390074276B /* ListRouter.swift */; };
		1894D40022A337BB0074276B /* DetailPresenter.swift in Sources */ = {isa = PBXBuildFile; fileRef = 1894D3F622A337BB0074276B /* DetailPresenter.swift */; };
		1894D40122A337BB0074276B /* Detail.storyboard in Resources */ = {isa = PBXBuildFile; fileRef = 1894D3F822A337BB0074276B /* Detail.storyboard */; };
		1894D40222A337BB0074276B /* DetailViewController.swift in Sources */ = {isa = PBXBuildFile; fileRef = 1894D3F922A337BB0074276B /* DetailViewController.swift */; };
		1894D40322A337BB0074276B /* DetailProtocols.swift in Sources */ = {isa = PBXBuildFile; fileRef = 1894D3FB22A337BB0074276B /* DetailProtocols.swift */; };
		1894D40422A337BB0074276B /* DetailInteractor.swift in Sources */ = {isa = PBXBuildFile; fileRef = 1894D3FD22A337BB0074276B /* DetailInteractor.swift */; };
		1894D40522A337BB0074276B /* DetailRouter.swift in Sources */ = {isa = PBXBuildFile; fileRef = 1894D3FF22A337BB0074276B /* DetailRouter.swift */; };
		F0081190355BA548A577D8BA /* Pods_WeatherTests.framework in Frameworks */ = {isa = PBXBuildFile; fileRef = 891D61464D6E5EB6E0D0D40E /* Pods_WeatherTests.framework */; };
/* End PBXBuildFile section */

/* Begin PBXContainerItemProxy section */
		180A103922A489030096E0A3 /* PBXContainerItemProxy */ = {
			isa = PBXContainerItemProxy;
			containerPortal = 1894D36122A2F9360074276B /* Project object */;
			proxyType = 1;
			remoteGlobalIDString = 1894D36822A2F9360074276B;
			remoteInfo = Weather;
		};
/* End PBXContainerItemProxy section */

/* Begin PBXCopyFilesBuildPhase section */
		1894D3C222A318730074276B /* Embed Frameworks */ = {
			isa = PBXCopyFilesBuildPhase;
			buildActionMask = 2147483647;
			dstPath = "";
			dstSubfolderSpec = 10;
			files = (
				1808BBEE22AC0E540002D5B3 /* BaseProject.framework in Embed Frameworks */,
			);
			name = "Embed Frameworks";
			runOnlyForDeploymentPostprocessing = 0;
		};
/* End PBXCopyFilesBuildPhase section */

/* Begin PBXFileReference section */
		18081B3222A9B8C50048857A /* WeatherRepositoryProtocol.swift */ = {isa = PBXFileReference; lastKnownFileType = sourcecode.swift; path = WeatherRepositoryProtocol.swift; sourceTree = "<group>"; };
		18081B3422AA16510048857A /* ErrorPresenter.swift */ = {isa = PBXFileReference; lastKnownFileType = sourcecode.swift; path = ErrorPresenter.swift; sourceTree = "<group>"; };
		1808BBD922AB0F6F0002D5B3 /* CityCoordinates.swift */ = {isa = PBXFileReference; lastKnownFileType = sourcecode.swift; path = CityCoordinates.swift; sourceTree = "<group>"; };
		1808BBDB22ABB01B0002D5B3 /* ListInteractorTests.swift */ = {isa = PBXFileReference; lastKnownFileType = sourcecode.swift; path = ListInteractorTests.swift; sourceTree = "<group>"; };
		1808BBDE22ABE1E50002D5B3 /* DetailInteractorTests.swift */ = {isa = PBXFileReference; lastKnownFileType = sourcecode.swift; path = DetailInteractorTests.swift; sourceTree = "<group>"; };
		1808BBE022ABE2810002D5B3 /* TestObjects.swift */ = {isa = PBXFileReference; lastKnownFileType = sourcecode.swift; path = TestObjects.swift; sourceTree = "<group>"; };
		1808BBE322ABE3450002D5B3 /* RealmTests.swift */ = {isa = PBXFileReference; lastKnownFileType = sourcecode.swift; path = RealmTests.swift; sourceTree = "<group>"; };
		1808BBE822AC01720002D5B3 /* ListPresenterTests.swift */ = {isa = PBXFileReference; lastKnownFileType = sourcecode.swift; path = ListPresenterTests.swift; sourceTree = "<group>"; };
		1808BBEA22AC0DDE0002D5B3 /* BaseProject.framework */ = {isa = PBXFileReference; lastKnownFileType = wrapper.framework; path = BaseProject.framework; sourceTree = "<group>"; };
		180A100B22A3FBFF0096E0A3 /* Weather.swift */ = {isa = PBXFileReference; lastKnownFileType = sourcecode.swift; path = Weather.swift; sourceTree = "<group>"; };
		180A100E22A3FC710096E0A3 /* ListCell.xib */ = {isa = PBXFileReference; lastKnownFileType = file.xib; path = ListCell.xib; sourceTree = "<group>"; };
		180A101022A400940096E0A3 /* ListCell.swift */ = {isa = PBXFileReference; lastKnownFileType = sourcecode.swift; path = ListCell.swift; sourceTree = "<group>"; };
		180A101222A4464F0096E0A3 /* ListCellViewModel.swift */ = {isa = PBXFileReference; lastKnownFileType = sourcecode.swift; path = ListCellViewModel.swift; sourceTree = "<group>"; };
		180A101A22A45C740096E0A3 /* UIColor+.swift */ = {isa = PBXFileReference; lastKnownFileType = sourcecode.swift; path = "UIColor+.swift"; sourceTree = "<group>"; };
		180A101C22A45E020096E0A3 /* UIFont+.swift */ = {isa = PBXFileReference; lastKnownFileType = sourcecode.swift; path = "UIFont+.swift"; sourceTree = "<group>"; };
		180A102A22A467B00096E0A3 /* APIServiceError.swift */ = {isa = PBXFileReference; lastKnownFileType = sourcecode.swift; path = APIServiceError.swift; sourceTree = "<group>"; };
		180A102C22A467C70096E0A3 /* Endpoint.swift */ = {isa = PBXFileReference; lastKnownFileType = sourcecode.swift; path = Endpoint.swift; sourceTree = "<group>"; };
		180A102E22A467D10096E0A3 /* APIManager.swift */ = {isa = PBXFileReference; lastKnownFileType = sourcecode.swift; path = APIManager.swift; sourceTree = "<group>"; };
		180A103422A489030096E0A3 /* WeatherTests.xctest */ = {isa = PBXFileReference; explicitFileType = wrapper.cfbundle; includeInIndex = 0; path = WeatherTests.xctest; sourceTree = BUILT_PRODUCTS_DIR; };
		180A103822A489030096E0A3 /* Info.plist */ = {isa = PBXFileReference; lastKnownFileType = text.plist.xml; path = Info.plist; sourceTree = "<group>"; };
		180A103E22A489200096E0A3 /* EndpointTests.swift */ = {isa = PBXFileReference; lastKnownFileType = sourcecode.swift; path = EndpointTests.swift; sourceTree = "<group>"; };
		180AE5F422AAD8440050A308 /* DetailViewModel.swift */ = {isa = PBXFileReference; lastKnownFileType = sourcecode.swift; path = DetailViewModel.swift; sourceTree = "<group>"; };
		180C19F322A6373900E20480 /* RequestModels.swift */ = {isa = PBXFileReference; lastKnownFileType = sourcecode.swift; path = RequestModels.swift; sourceTree = "<group>"; };
		18157BF522A8632200F834EA /* RealmService.swift */ = {isa = PBXFileReference; lastKnownFileType = sourcecode.swift; path = RealmService.swift; sourceTree = "<group>"; };
		18157BF722A866E300F834EA /* RealmServiceError.swift */ = {isa = PBXFileReference; lastKnownFileType = sourcecode.swift; path = RealmServiceError.swift; sourceTree = "<group>"; };
		18157BF922A8687000F834EA /* RealmCityForecast.swift */ = {isa = PBXFileReference; lastKnownFileType = sourcecode.swift; path = RealmCityForecast.swift; sourceTree = "<group>"; };
		18157BFB22A8699000F834EA /* RealmWeather.swift */ = {isa = PBXFileReference; lastKnownFileType = sourcecode.swift; path = RealmWeather.swift; sourceTree = "<group>"; };
		181FA03122A5D0A800E24A80 /* URLSession+.swift */ = {isa = PBXFileReference; lastKnownFileType = sourcecode.swift; path = "URLSession+.swift"; sourceTree = "<group>"; };
		185F3E4422A6EF5D00E1DC8A /* CityForecast.swift */ = {isa = PBXFileReference; lastKnownFileType = sourcecode.swift; path = CityForecast.swift; sourceTree = "<group>"; };
		185F3E4722A6F72400E1DC8A /* WeatherRepository.swift */ = {isa = PBXFileReference; lastKnownFileType = sourcecode.swift; path = WeatherRepository.swift; sourceTree = "<group>"; };
		1894D36922A2F9360074276B /* Weather.app */ = {isa = PBXFileReference; explicitFileType = wrapper.application; includeInIndex = 0; path = Weather.app; sourceTree = BUILT_PRODUCTS_DIR; };
		1894D36C22A2F9360074276B /* AppDelegate.swift */ = {isa = PBXFileReference; lastKnownFileType = sourcecode.swift; path = AppDelegate.swift; sourceTree = "<group>"; };
		1894D37322A2F9370074276B /* Assets.xcassets */ = {isa = PBXFileReference; lastKnownFileType = folder.assetcatalog; path = Assets.xcassets; sourceTree = "<group>"; };
		1894D37622A2F9370074276B /* Base */ = {isa = PBXFileReference; lastKnownFileType = file.storyboard; name = Base; path = Base.lproj/LaunchScreen.storyboard; sourceTree = "<group>"; };
		1894D37822A2F9370074276B /* Info.plist */ = {isa = PBXFileReference; lastKnownFileType = text.plist.xml; path = Info.plist; sourceTree = "<group>"; };
		1894D3C922A31AFB0074276B /* UIWindow+.swift */ = {isa = PBXFileReference; lastKnownFileType = sourcecode.swift; path = "UIWindow+.swift"; sourceTree = "<group>"; };
		1894D3E222A336390074276B /* ListPresenter.swift */ = {isa = PBXFileReference; fileEncoding = 4; lastKnownFileType = sourcecode.swift; path = ListPresenter.swift; sourceTree = "<group>"; };
		1894D3E422A336390074276B /* ListViewController.swift */ = {isa = PBXFileReference; fileEncoding = 4; lastKnownFileType = sourcecode.swift; path = ListViewController.swift; sourceTree = "<group>"; };
		1894D3E522A336390074276B /* List.storyboard */ = {isa = PBXFileReference; fileEncoding = 4; lastKnownFileType = file.storyboard; path = List.storyboard; sourceTree = "<group>"; };
		1894D3E722A336390074276B /* ListProtocols.swift */ = {isa = PBXFileReference; fileEncoding = 4; lastKnownFileType = sourcecode.swift; path = ListProtocols.swift; sourceTree = "<group>"; };
		1894D3E922A336390074276B /* ListInteractor.swift */ = {isa = PBXFileReference; fileEncoding = 4; lastKnownFileType = sourcecode.swift; path = ListInteractor.swift; sourceTree = "<group>"; };
		1894D3EB22A336390074276B /* ListRouter.swift */ = {isa = PBXFileReference; fileEncoding = 4; lastKnownFileType = sourcecode.swift; path = ListRouter.swift; sourceTree = "<group>"; };
		1894D3F622A337BB0074276B /* DetailPresenter.swift */ = {isa = PBXFileReference; fileEncoding = 4; lastKnownFileType = sourcecode.swift; path = DetailPresenter.swift; sourceTree = "<group>"; };
		1894D3F822A337BB0074276B /* Detail.storyboard */ = {isa = PBXFileReference; fileEncoding = 4; lastKnownFileType = file.storyboard; path = Detail.storyboard; sourceTree = "<group>"; };
		1894D3F922A337BB0074276B /* DetailViewController.swift */ = {isa = PBXFileReference; fileEncoding = 4; lastKnownFileType = sourcecode.swift; path = DetailViewController.swift; sourceTree = "<group>"; };
		1894D3FB22A337BB0074276B /* DetailProtocols.swift */ = {isa = PBXFileReference; fileEncoding = 4; lastKnownFileType = sourcecode.swift; path = DetailProtocols.swift; sourceTree = "<group>"; };
		1894D3FD22A337BB0074276B /* DetailInteractor.swift */ = {isa = PBXFileReference; fileEncoding = 4; lastKnownFileType = sourcecode.swift; path = DetailInteractor.swift; sourceTree = "<group>"; };
		1894D3FF22A337BB0074276B /* DetailRouter.swift */ = {isa = PBXFileReference; fileEncoding = 4; lastKnownFileType = sourcecode.swift; path = DetailRouter.swift; sourceTree = "<group>"; };
		19E9DEAFD7E8C512E7484A6D /* Pods-Weather.debug.xcconfig */ = {isa = PBXFileReference; includeInIndex = 1; lastKnownFileType = text.xcconfig; name = "Pods-Weather.debug.xcconfig"; path = "Pods/Target Support Files/Pods-Weather/Pods-Weather.debug.xcconfig"; sourceTree = "<group>"; };
		3A16839A482FA7A1094DF721 /* Pods_Weather.framework */ = {isa = PBXFileReference; explicitFileType = wrapper.framework; includeInIndex = 0; path = Pods_Weather.framework; sourceTree = BUILT_PRODUCTS_DIR; };
		561E45030885BE07019E8FB1 /* Pods-WeatherTests.release.xcconfig */ = {isa = PBXFileReference; includeInIndex = 1; lastKnownFileType = text.xcconfig; name = "Pods-WeatherTests.release.xcconfig"; path = "Pods/Target Support Files/Pods-WeatherTests/Pods-WeatherTests.release.xcconfig"; sourceTree = "<group>"; };
		891D61464D6E5EB6E0D0D40E /* Pods_WeatherTests.framework */ = {isa = PBXFileReference; explicitFileType = wrapper.framework; includeInIndex = 0; path = Pods_WeatherTests.framework; sourceTree = BUILT_PRODUCTS_DIR; };
		C62E0652FA8F2B1CB1CDF413 /* Pods-Weather.release.xcconfig */ = {isa = PBXFileReference; includeInIndex = 1; lastKnownFileType = text.xcconfig; name = "Pods-Weather.release.xcconfig"; path = "Pods/Target Support Files/Pods-Weather/Pods-Weather.release.xcconfig"; sourceTree = "<group>"; };
		E07FD514E2ACD55ADC79353E /* Pods-WeatherTests.debug.xcconfig */ = {isa = PBXFileReference; includeInIndex = 1; lastKnownFileType = text.xcconfig; name = "Pods-WeatherTests.debug.xcconfig"; path = "Pods/Target Support Files/Pods-WeatherTests/Pods-WeatherTests.debug.xcconfig"; sourceTree = "<group>"; };
/* End PBXFileReference section */

/* Begin PBXFrameworksBuildPhase section */
		180A103122A489030096E0A3 /* Frameworks */ = {
			isa = PBXFrameworksBuildPhase;
			buildActionMask = 2147483647;
			files = (
				F0081190355BA548A577D8BA /* Pods_WeatherTests.framework in Frameworks */,
			);
			runOnlyForDeploymentPostprocessing = 0;
		};
		1894D36622A2F9360074276B /* Frameworks */ = {
			isa = PBXFrameworksBuildPhase;
			buildActionMask = 2147483647;
			files = (
				1808BBEB22AC0DDE0002D5B3 /* BaseProject.framework in Frameworks */,
				1808BBED22AC0E540002D5B3 /* BaseProject.framework in Frameworks */,
			);
			runOnlyForDeploymentPostprocessing = 0;
		};
/* End PBXFrameworksBuildPhase section */

/* Begin PBXGroup section */
		1808BBDD22ABE1C10002D5B3 /* Interactors */ = {
			isa = PBXGroup;
			children = (
				1808BBDB22ABB01B0002D5B3 /* ListInteractorTests.swift */,
				1808BBDE22ABE1E50002D5B3 /* DetailInteractorTests.swift */,
			);
			path = Interactors;
			sourceTree = "<group>";
		};
		1808BBE222ABE3230002D5B3 /* Helpers */ = {
			isa = PBXGroup;
			children = (
				180A103E22A489200096E0A3 /* EndpointTests.swift */,
				1808BBE322ABE3450002D5B3 /* RealmTests.swift */,
			);
			path = Helpers;
			sourceTree = "<group>";
		};
		1808BBE722AC00AD0002D5B3 /* Presenters */ = {
			isa = PBXGroup;
			children = (
				1808BBE822AC01720002D5B3 /* ListPresenterTests.swift */,
			);
			path = Presenters;
			sourceTree = "<group>";
		};
		180A100622A3E8DC0096E0A3 /* Common */ = {
			isa = PBXGroup;
			children = (
				180A100722A3E8F10096E0A3 /* Models */,
				180A100822A3E9800096E0A3 /* RequestModels */,
				180A100A22A3E9910096E0A3 /* PersistencyModels */,
				180A100922A3E98A0096E0A3 /* ViewModels */,
			);
			path = Common;
			sourceTree = "<group>";
		};
		180A100722A3E8F10096E0A3 /* Models */ = {
			isa = PBXGroup;
			children = (
				185F3E4422A6EF5D00E1DC8A /* CityForecast.swift */,
				1808BBD922AB0F6F0002D5B3 /* CityCoordinates.swift */,
				180A100B22A3FBFF0096E0A3 /* Weather.swift */,
			);
			path = Models;
			sourceTree = "<group>";
		};
		180A100822A3E9800096E0A3 /* RequestModels */ = {
			isa = PBXGroup;
			children = (
				180C19F322A6373900E20480 /* RequestModels.swift */,
			);
			path = RequestModels;
			sourceTree = "<group>";
		};
		180A100922A3E98A0096E0A3 /* ViewModels */ = {
			isa = PBXGroup;
			children = (
				180A101222A4464F0096E0A3 /* ListCellViewModel.swift */,
				180AE5F422AAD8440050A308 /* DetailViewModel.swift */,
			);
			path = ViewModels;
			sourceTree = "<group>";
		};
		180A100A22A3E9910096E0A3 /* PersistencyModels */ = {
			isa = PBXGroup;
			children = (
				18157BF922A8687000F834EA /* RealmCityForecast.swift */,
				18157BFB22A8699000F834EA /* RealmWeather.swift */,
			);
			path = PersistencyModels;
			sourceTree = "<group>";
		};
		180A100D22A3FC570096E0A3 /* Cells */ = {
			isa = PBXGroup;
			children = (
				180A100E22A3FC710096E0A3 /* ListCell.xib */,
				180A101022A400940096E0A3 /* ListCell.swift */,
			);
			path = Cells;
			sourceTree = "<group>";
		};
		180A102922A4676D0096E0A3 /* Network */ = {
			isa = PBXGroup;
			children = (
				180A102E22A467D10096E0A3 /* APIManager.swift */,
				180A102A22A467B00096E0A3 /* APIServiceError.swift */,
				180A102C22A467C70096E0A3 /* Endpoint.swift */,
			);
			path = Network;
			sourceTree = "<group>";
		};
		180A103522A489030096E0A3 /* WeatherTests */ = {
			isa = PBXGroup;
			children = (
				180A103822A489030096E0A3 /* Info.plist */,
				1808BBE022ABE2810002D5B3 /* TestObjects.swift */,
				1808BBE222ABE3230002D5B3 /* Helpers */,
				1808BBDD22ABE1C10002D5B3 /* Interactors */,
				1808BBE722AC00AD0002D5B3 /* Presenters */,
			);
			path = WeatherTests;
			sourceTree = "<group>";
		};
		18157BF422A8612300F834EA /* Persistence */ = {
			isa = PBXGroup;
			children = (
				18157BF522A8632200F834EA /* RealmService.swift */,
				18157BF722A866E300F834EA /* RealmServiceError.swift */,
			);
			path = Persistence;
			sourceTree = "<group>";
		};
		185F3E4622A6F6FF00E1DC8A /* Repository */ = {
			isa = PBXGroup;
			children = (
				18081B3222A9B8C50048857A /* WeatherRepositoryProtocol.swift */,
				185F3E4722A6F72400E1DC8A /* WeatherRepository.swift */,
			);
			path = Repository;
			sourceTree = "<group>";
		};
		1894D36022A2F9360074276B = {
			isa = PBXGroup;
			children = (
				1894D36B22A2F9360074276B /* Weather */,
				180A103522A489030096E0A3 /* WeatherTests */,
				1894D36A22A2F9360074276B /* Products */,
				7A400990A59CF756669D208B /* Pods */,
				71B1FCAD7E9DBA39F4E49C77 /* Frameworks */,
			);
			sourceTree = "<group>";
		};
		1894D36A22A2F9360074276B /* Products */ = {
			isa = PBXGroup;
			children = (
				1894D36922A2F9360074276B /* Weather.app */,
				180A103422A489030096E0A3 /* WeatherTests.xctest */,
			);
			name = Products;
			sourceTree = "<group>";
		};
		1894D36B22A2F9360074276B /* Weather */ = {
			isa = PBXGroup;
			children = (
				180A102922A4676D0096E0A3 /* Network */,
				18157BF422A8612300F834EA /* Persistence */,
				185F3E4622A6F6FF00E1DC8A /* Repository */,
				180A100622A3E8DC0096E0A3 /* Common */,
				1894D3D922A335C80074276B /* Features */,
				1894D37E22A2FC550074276B /* Extensions */,
				1894D40622A338BF0074276B /* Resources */,
				1894D40722A338E20074276B /* OtherFiles */,
			);
			path = Weather;
			sourceTree = "<group>";
		};
		1894D37E22A2FC550074276B /* Extensions */ = {
			isa = PBXGroup;
			children = (
				1894D3C922A31AFB0074276B /* UIWindow+.swift */,
				180A101A22A45C740096E0A3 /* UIColor+.swift */,
				180A101C22A45E020096E0A3 /* UIFont+.swift */,
				181FA03122A5D0A800E24A80 /* URLSession+.swift */,
				18081B3422AA16510048857A /* ErrorPresenter.swift */,
			);
			path = Extensions;
			sourceTree = "<group>";
		};
		1894D3D922A335C80074276B /* Features */ = {
			isa = PBXGroup;
			children = (
				1894D3E022A336390074276B /* List */,
				1894D3F422A337BB0074276B /* Detail */,
			);
			path = Features;
			sourceTree = "<group>";
		};
		1894D3E022A336390074276B /* List */ = {
			isa = PBXGroup;
			children = (
				1894D3E122A336390074276B /* Presenter */,
				1894D3E322A336390074276B /* View */,
				1894D3E622A336390074276B /* Protocols */,
				1894D3E822A336390074276B /* Interactor */,
				1894D3EA22A336390074276B /* Router */,
			);
			path = List;
			sourceTree = "<group>";
		};
		1894D3E122A336390074276B /* Presenter */ = {
			isa = PBXGroup;
			children = (
				1894D3E222A336390074276B /* ListPresenter.swift */,
			);
			path = Presenter;
			sourceTree = "<group>";
		};
		1894D3E322A336390074276B /* View */ = {
			isa = PBXGroup;
			children = (
				180A100D22A3FC570096E0A3 /* Cells */,
				1894D3E422A336390074276B /* ListViewController.swift */,
				1894D3E522A336390074276B /* List.storyboard */,
			);
			path = View;
			sourceTree = "<group>";
		};
		1894D3E622A336390074276B /* Protocols */ = {
			isa = PBXGroup;
			children = (
				1894D3E722A336390074276B /* ListProtocols.swift */,
			);
			path = Protocols;
			sourceTree = "<group>";
		};
		1894D3E822A336390074276B /* Interactor */ = {
			isa = PBXGroup;
			children = (
				1894D3E922A336390074276B /* ListInteractor.swift */,
			);
			path = Interactor;
			sourceTree = "<group>";
		};
		1894D3EA22A336390074276B /* Router */ = {
			isa = PBXGroup;
			children = (
				1894D3EB22A336390074276B /* ListRouter.swift */,
			);
			path = Router;
			sourceTree = "<group>";
		};
		1894D3F422A337BB0074276B /* Detail */ = {
			isa = PBXGroup;
			children = (
				1894D3F522A337BB0074276B /* Presenter */,
				1894D3F722A337BB0074276B /* View */,
				1894D3FA22A337BB0074276B /* Protocols */,
				1894D3FC22A337BB0074276B /* Interactor */,
				1894D3FE22A337BB0074276B /* Router */,
			);
			path = Detail;
			sourceTree = "<group>";
		};
		1894D3F522A337BB0074276B /* Presenter */ = {
			isa = PBXGroup;
			children = (
				1894D3F622A337BB0074276B /* DetailPresenter.swift */,
			);
			path = Presenter;
			sourceTree = "<group>";
		};
		1894D3F722A337BB0074276B /* View */ = {
			isa = PBXGroup;
			children = (
				1894D3F822A337BB0074276B /* Detail.storyboard */,
				1894D3F922A337BB0074276B /* DetailViewController.swift */,
			);
			path = View;
			sourceTree = "<group>";
		};
		1894D3FA22A337BB0074276B /* Protocols */ = {
			isa = PBXGroup;
			children = (
				1894D3FB22A337BB0074276B /* DetailProtocols.swift */,
			);
			path = Protocols;
			sourceTree = "<group>";
		};
		1894D3FC22A337BB0074276B /* Interactor */ = {
			isa = PBXGroup;
			children = (
				1894D3FD22A337BB0074276B /* DetailInteractor.swift */,
			);
			path = Interactor;
			sourceTree = "<group>";
		};
		1894D3FE22A337BB0074276B /* Router */ = {
			isa = PBXGroup;
			children = (
				1894D3FF22A337BB0074276B /* DetailRouter.swift */,
			);
			path = Router;
			sourceTree = "<group>";
		};
		1894D40622A338BF0074276B /* Resources */ = {
			isa = PBXGroup;
			children = (
				1894D37522A2F9370074276B /* LaunchScreen.storyboard */,
				1894D37322A2F9370074276B /* Assets.xcassets */,
			);
			path = Resources;
			sourceTree = "<group>";
		};
		1894D40722A338E20074276B /* OtherFiles */ = {
			isa = PBXGroup;
			children = (
				1894D36C22A2F9360074276B /* AppDelegate.swift */,
				1894D37822A2F9370074276B /* Info.plist */,
			);
			path = OtherFiles;
			sourceTree = "<group>";
		};
		71B1FCAD7E9DBA39F4E49C77 /* Frameworks */ = {
			isa = PBXGroup;
			children = (
				1808BBEA22AC0DDE0002D5B3 /* BaseProject.framework */,
				3A16839A482FA7A1094DF721 /* Pods_Weather.framework */,
				891D61464D6E5EB6E0D0D40E /* Pods_WeatherTests.framework */,
			);
			name = Frameworks;
			sourceTree = "<group>";
		};
		7A400990A59CF756669D208B /* Pods */ = {
			isa = PBXGroup;
			children = (
				19E9DEAFD7E8C512E7484A6D /* Pods-Weather.debug.xcconfig */,
				C62E0652FA8F2B1CB1CDF413 /* Pods-Weather.release.xcconfig */,
				E07FD514E2ACD55ADC79353E /* Pods-WeatherTests.debug.xcconfig */,
				561E45030885BE07019E8FB1 /* Pods-WeatherTests.release.xcconfig */,
			);
			name = Pods;
			sourceTree = "<group>";
		};
/* End PBXGroup section */

/* Begin PBXNativeTarget section */
		180A103322A489030096E0A3 /* WeatherTests */ = {
			isa = PBXNativeTarget;
			buildConfigurationList = 180A103B22A489030096E0A3 /* Build configuration list for PBXNativeTarget "WeatherTests" */;
			buildPhases = (
				DD52D1861B51CD1A40910021 /* [CP] Check Pods Manifest.lock */,
				180A103022A489030096E0A3 /* Sources */,
				180A103122A489030096E0A3 /* Frameworks */,
				180A103222A489030096E0A3 /* Resources */,
			);
			buildRules = (
			);
			dependencies = (
				180A103A22A489030096E0A3 /* PBXTargetDependency */,
			);
			name = WeatherTests;
			productName = WeatherTests;
			productReference = 180A103422A489030096E0A3 /* WeatherTests.xctest */;
			productType = "com.apple.product-type.bundle.unit-test";
		};
		1894D36822A2F9360074276B /* Weather */ = {
			isa = PBXNativeTarget;
			buildConfigurationList = 1894D37B22A2F9370074276B /* Build configuration list for PBXNativeTarget "Weather" */;
			buildPhases = (
				5DBD0E8C3A7C0A25CEFF605B /* [CP] Check Pods Manifest.lock */,
				1894D36522A2F9360074276B /* Sources */,
				1894D36622A2F9360074276B /* Frameworks */,
				1894D36722A2F9360074276B /* Resources */,
				1894D3C222A318730074276B /* Embed Frameworks */,
				54D8FA446925936D8F8675B0 /* [CP] Embed Pods Frameworks */,
			);
			buildRules = (
			);
			dependencies = (
			);
			name = Weather;
			productName = Weather;
			productReference = 1894D36922A2F9360074276B /* Weather.app */;
			productType = "com.apple.product-type.application";
		};
/* End PBXNativeTarget section */

/* Begin PBXProject section */
		1894D36122A2F9360074276B /* Project object */ = {
			isa = PBXProject;
			attributes = {
				LastSwiftUpdateCheck = 1020;
				LastUpgradeCheck = 1020;
				ORGANIZATIONNAME = "Aaron Huánuco";
				TargetAttributes = {
					180A103322A489030096E0A3 = {
						CreatedOnToolsVersion = 10.2.1;
						TestTargetID = 1894D36822A2F9360074276B;
					};
					1894D36822A2F9360074276B = {
						CreatedOnToolsVersion = 10.2.1;
					};
				};
			};
			buildConfigurationList = 1894D36422A2F9360074276B /* Build configuration list for PBXProject "Weather" */;
			compatibilityVersion = "Xcode 9.3";
			developmentRegion = en;
			hasScannedForEncodings = 0;
			knownRegions = (
				en,
				Base,
			);
			mainGroup = 1894D36022A2F9360074276B;
			productRefGroup = 1894D36A22A2F9360074276B /* Products */;
			projectDirPath = "";
			projectRoot = "";
			targets = (
				1894D36822A2F9360074276B /* Weather */,
				180A103322A489030096E0A3 /* WeatherTests */,
			);
		};
/* End PBXProject section */

/* Begin PBXResourcesBuildPhase section */
		180A103222A489030096E0A3 /* Resources */ = {
			isa = PBXResourcesBuildPhase;
			buildActionMask = 2147483647;
			files = (
			);
			runOnlyForDeploymentPostprocessing = 0;
		};
		1894D36722A2F9360074276B /* Resources */ = {
			isa = PBXResourcesBuildPhase;
			buildActionMask = 2147483647;
			files = (
				1894D37722A2F9370074276B /* LaunchScreen.storyboard in Resources */,
				1894D3EE22A336390074276B /* List.storyboard in Resources */,
				1894D37422A2F9370074276B /* Assets.xcassets in Resources */,
				1894D40122A337BB0074276B /* Detail.storyboard in Resources */,
				180A100F22A3FC710096E0A3 /* ListCell.xib in Resources */,
			);
			runOnlyForDeploymentPostprocessing = 0;
		};
/* End PBXResourcesBuildPhase section */

/* Begin PBXShellScriptBuildPhase section */
		54D8FA446925936D8F8675B0 /* [CP] Embed Pods Frameworks */ = {
			isa = PBXShellScriptBuildPhase;
			buildActionMask = 2147483647;
			files = (
			);
			inputFileListPaths = (
			);
			inputPaths = (
				"${SRCROOT}/Pods/Target Support Files/Pods-Weather/Pods-Weather-frameworks.sh",
				"${BUILT_PRODUCTS_DIR}/Kingfisher/Kingfisher.framework",
				"${BUILT_PRODUCTS_DIR}/Realm/Realm.framework",
				"${BUILT_PRODUCTS_DIR}/RealmSwift/RealmSwift.framework",
				"${BUILT_PRODUCTS_DIR}/RxSwift/RxSwift.framework",
			);
			name = "[CP] Embed Pods Frameworks";
			outputFileListPaths = (
			);
			outputPaths = (
				"${TARGET_BUILD_DIR}/${FRAMEWORKS_FOLDER_PATH}/Kingfisher.framework",
				"${TARGET_BUILD_DIR}/${FRAMEWORKS_FOLDER_PATH}/Realm.framework",
				"${TARGET_BUILD_DIR}/${FRAMEWORKS_FOLDER_PATH}/RealmSwift.framework",
				"${TARGET_BUILD_DIR}/${FRAMEWORKS_FOLDER_PATH}/RxSwift.framework",
			);
			runOnlyForDeploymentPostprocessing = 0;
			shellPath = /bin/sh;
			shellScript = "\"${SRCROOT}/Pods/Target Support Files/Pods-Weather/Pods-Weather-frameworks.sh\"\n";
			showEnvVarsInLog = 0;
		};
		5DBD0E8C3A7C0A25CEFF605B /* [CP] Check Pods Manifest.lock */ = {
			isa = PBXShellScriptBuildPhase;
			buildActionMask = 2147483647;
			files = (
			);
			inputFileListPaths = (
			);
			inputPaths = (
				"${PODS_PODFILE_DIR_PATH}/Podfile.lock",
				"${PODS_ROOT}/Manifest.lock",
			);
			name = "[CP] Check Pods Manifest.lock";
			outputFileListPaths = (
			);
			outputPaths = (
				"$(DERIVED_FILE_DIR)/Pods-Weather-checkManifestLockResult.txt",
			);
			runOnlyForDeploymentPostprocessing = 0;
			shellPath = /bin/sh;
			shellScript = "diff \"${PODS_PODFILE_DIR_PATH}/Podfile.lock\" \"${PODS_ROOT}/Manifest.lock\" > /dev/null\nif [ $? != 0 ] ; then\n    # print error to STDERR\n    echo \"error: The sandbox is not in sync with the Podfile.lock. Run 'pod install' or update your CocoaPods installation.\" >&2\n    exit 1\nfi\n# This output is used by Xcode 'outputs' to avoid re-running this script phase.\necho \"SUCCESS\" > \"${SCRIPT_OUTPUT_FILE_0}\"\n";
			showEnvVarsInLog = 0;
		};
		DD52D1861B51CD1A40910021 /* [CP] Check Pods Manifest.lock */ = {
			isa = PBXShellScriptBuildPhase;
			buildActionMask = 2147483647;
			files = (
			);
			inputFileListPaths = (
			);
			inputPaths = (
				"${PODS_PODFILE_DIR_PATH}/Podfile.lock",
				"${PODS_ROOT}/Manifest.lock",
			);
			name = "[CP] Check Pods Manifest.lock";
			outputFileListPaths = (
			);
			outputPaths = (
				"$(DERIVED_FILE_DIR)/Pods-WeatherTests-checkManifestLockResult.txt",
			);
			runOnlyForDeploymentPostprocessing = 0;
			shellPath = /bin/sh;
			shellScript = "diff \"${PODS_PODFILE_DIR_PATH}/Podfile.lock\" \"${PODS_ROOT}/Manifest.lock\" > /dev/null\nif [ $? != 0 ] ; then\n    # print error to STDERR\n    echo \"error: The sandbox is not in sync with the Podfile.lock. Run 'pod install' or update your CocoaPods installation.\" >&2\n    exit 1\nfi\n# This output is used by Xcode 'outputs' to avoid re-running this script phase.\necho \"SUCCESS\" > \"${SCRIPT_OUTPUT_FILE_0}\"\n";
			showEnvVarsInLog = 0;
		};
/* End PBXShellScriptBuildPhase section */

/* Begin PBXSourcesBuildPhase section */
		180A103022A489030096E0A3 /* Sources */ = {
			isa = PBXSourcesBuildPhase;
			buildActionMask = 2147483647;
			files = (
				1808BBE122ABE2810002D5B3 /* TestObjects.swift in Sources */,
				1808BBE422ABE3450002D5B3 /* RealmTests.swift in Sources */,
				1808BBE922AC01720002D5B3 /* ListPresenterTests.swift in Sources */,
				180A103F22A489200096E0A3 /* EndpointTests.swift in Sources */,
				1808BBDC22ABB01B0002D5B3 /* ListInteractorTests.swift in Sources */,
				1808BBDF22ABE1E50002D5B3 /* DetailInteractorTests.swift in Sources */,
			);
			runOnlyForDeploymentPostprocessing = 0;
		};
		1894D36522A2F9360074276B /* Sources */ = {
			isa = PBXSourcesBuildPhase;
			buildActionMask = 2147483647;
			files = (
				1894D40222A337BB0074276B /* DetailViewController.swift in Sources */,
				180A101D22A45E020096E0A3 /* UIFont+.swift in Sources */,
				180A101B22A45C740096E0A3 /* UIColor+.swift in Sources */,
				1894D40422A337BB0074276B /* DetailInteractor.swift in Sources */,
				1808BBDA22AB0F6F0002D5B3 /* CityCoordinates.swift in Sources */,
				1894D3F022A336390074276B /* ListInteractor.swift in Sources */,
				180A101122A400940096E0A3 /* ListCell.swift in Sources */,
				185F3E4522A6EF5D00E1DC8A /* CityForecast.swift in Sources */,
				1894D3F122A336390074276B /* ListRouter.swift in Sources */,
				1894D3CA22A31AFB0074276B /* UIWindow+.swift in Sources */,
				180A101322A4464F0096E0A3 /* ListCellViewModel.swift in Sources */,
				1894D40022A337BB0074276B /* DetailPresenter.swift in Sources */,
				18081B3522AA16510048857A /* ErrorPresenter.swift in Sources */,
				1894D3EC22A336390074276B /* ListPresenter.swift in Sources */,
				180AE5F522AAD8440050A308 /* DetailViewModel.swift in Sources */,
				1894D3ED22A336390074276B /* ListViewController.swift in Sources */,
				180A102F22A467D10096E0A3 /* APIManager.swift in Sources */,
				18157BFC22A8699000F834EA /* RealmWeather.swift in Sources */,
				180A102D22A467C70096E0A3 /* Endpoint.swift in Sources */,
				1894D3EF22A336390074276B /* ListProtocols.swift in Sources */,
				180C19F422A6373900E20480 /* RequestModels.swift in Sources */,
				1894D40522A337BB0074276B /* DetailRouter.swift in Sources */,
				185F3E4822A6F72400E1DC8A /* WeatherRepository.swift in Sources */,
				1894D40322A337BB0074276B /* DetailProtocols.swift in Sources */,
				181FA03222A5D0A800E24A80 /* URLSession+.swift in Sources */,
				180A102B22A467B00096E0A3 /* APIServiceError.swift in Sources */,
				18157BF822A866E300F834EA /* RealmServiceError.swift in Sources */,
				180A100C22A3FBFF0096E0A3 /* Weather.swift in Sources */,
				18081B3322A9B8C50048857A /* WeatherRepositoryProtocol.swift in Sources */,
				1894D36D22A2F9360074276B /* AppDelegate.swift in Sources */,
				18157BF622A8632200F834EA /* RealmService.swift in Sources */,
				18157BFA22A8687000F834EA /* RealmCityForecast.swift in Sources */,
			);
			runOnlyForDeploymentPostprocessing = 0;
		};
/* End PBXSourcesBuildPhase section */

/* Begin PBXTargetDependency section */
		180A103A22A489030096E0A3 /* PBXTargetDependency */ = {
			isa = PBXTargetDependency;
			target = 1894D36822A2F9360074276B /* Weather */;
			targetProxy = 180A103922A489030096E0A3 /* PBXContainerItemProxy */;
		};
/* End PBXTargetDependency section */

/* Begin PBXVariantGroup section */
		1894D37522A2F9370074276B /* LaunchScreen.storyboard */ = {
			isa = PBXVariantGroup;
			children = (
				1894D37622A2F9370074276B /* Base */,
			);
			name = LaunchScreen.storyboard;
			sourceTree = "<group>";
		};
/* End PBXVariantGroup section */

/* Begin XCBuildConfiguration section */
		180A103C22A489030096E0A3 /* Debug */ = {
			isa = XCBuildConfiguration;
			baseConfigurationReference = E07FD514E2ACD55ADC79353E /* Pods-WeatherTests.debug.xcconfig */;
			buildSettings = {
				BUNDLE_LOADER = "$(TEST_HOST)";
				CODE_SIGN_STYLE = Automatic;
				DEVELOPMENT_TEAM = TXH9ALPT83;
				FRAMEWORK_SEARCH_PATHS = (
					"$(inherited)",
					"$(PROJECT_DIR)",
				);
				INFOPLIST_FILE = WeatherTests/Info.plist;
				LD_RUNPATH_SEARCH_PATHS = (
					"$(inherited)",
					"@executable_path/Frameworks",
					"@loader_path/Frameworks",
				);
				PRODUCT_BUNDLE_IDENTIFIER = aaronmhr.WeatherTests;
				PRODUCT_NAME = "$(TARGET_NAME)";
				SWIFT_VERSION = 5.0;
				TARGETED_DEVICE_FAMILY = "1,2";
				TEST_HOST = "$(BUILT_PRODUCTS_DIR)/Weather.app/Weather";
			};
			name = Debug;
		};
		180A103D22A489030096E0A3 /* Release */ = {
			isa = XCBuildConfiguration;
			baseConfigurationReference = 561E45030885BE07019E8FB1 /* Pods-WeatherTests.release.xcconfig */;
			buildSettings = {
				BUNDLE_LOADER = "$(TEST_HOST)";
				CODE_SIGN_STYLE = Automatic;
				DEVELOPMENT_TEAM = TXH9ALPT83;
				FRAMEWORK_SEARCH_PATHS = (
					"$(inherited)",
					"$(PROJECT_DIR)",
				);
				INFOPLIST_FILE = WeatherTests/Info.plist;
				LD_RUNPATH_SEARCH_PATHS = (
					"$(inherited)",
					"@executable_path/Frameworks",
					"@loader_path/Frameworks",
				);
				PRODUCT_BUNDLE_IDENTIFIER = aaronmhr.WeatherTests;
				PRODUCT_NAME = "$(TARGET_NAME)";
				SWIFT_VERSION = 5.0;
				TARGETED_DEVICE_FAMILY = "1,2";
				TEST_HOST = "$(BUILT_PRODUCTS_DIR)/Weather.app/Weather";
			};
			name = Release;
		};
		1894D37922A2F9370074276B /* Debug */ = {
			isa = XCBuildConfiguration;
			buildSettings = {
				ALWAYS_SEARCH_USER_PATHS = NO;
				CLANG_ANALYZER_NONNULL = YES;
				CLANG_ANALYZER_NUMBER_OBJECT_CONVERSION = YES_AGGRESSIVE;
				CLANG_CXX_LANGUAGE_STANDARD = "gnu++14";
				CLANG_CXX_LIBRARY = "libc++";
				CLANG_ENABLE_MODULES = YES;
				CLANG_ENABLE_OBJC_ARC = YES;
				CLANG_ENABLE_OBJC_WEAK = YES;
				CLANG_WARN_BLOCK_CAPTURE_AUTORELEASING = YES;
				CLANG_WARN_BOOL_CONVERSION = YES;
				CLANG_WARN_COMMA = YES;
				CLANG_WARN_CONSTANT_CONVERSION = YES;
				CLANG_WARN_DEPRECATED_OBJC_IMPLEMENTATIONS = YES;
				CLANG_WARN_DIRECT_OBJC_ISA_USAGE = YES_ERROR;
				CLANG_WARN_DOCUMENTATION_COMMENTS = YES;
				CLANG_WARN_EMPTY_BODY = YES;
				CLANG_WARN_ENUM_CONVERSION = YES;
				CLANG_WARN_INFINITE_RECURSION = YES;
				CLANG_WARN_INT_CONVERSION = YES;
				CLANG_WARN_NON_LITERAL_NULL_CONVERSION = YES;
				CLANG_WARN_OBJC_IMPLICIT_RETAIN_SELF = YES;
				CLANG_WARN_OBJC_LITERAL_CONVERSION = YES;
				CLANG_WARN_OBJC_ROOT_CLASS = YES_ERROR;
				CLANG_WARN_RANGE_LOOP_ANALYSIS = YES;
				CLANG_WARN_STRICT_PROTOTYPES = YES;
				CLANG_WARN_SUSPICIOUS_MOVE = YES;
				CLANG_WARN_UNGUARDED_AVAILABILITY = YES_AGGRESSIVE;
				CLANG_WARN_UNREACHABLE_CODE = YES;
				CLANG_WARN__DUPLICATE_METHOD_MATCH = YES;
				CODE_SIGN_IDENTITY = "iPhone Developer";
				COPY_PHASE_STRIP = NO;
				DEBUG_INFORMATION_FORMAT = dwarf;
				ENABLE_STRICT_OBJC_MSGSEND = YES;
				ENABLE_TESTABILITY = YES;
				GCC_C_LANGUAGE_STANDARD = gnu11;
				GCC_DYNAMIC_NO_PIC = NO;
				GCC_NO_COMMON_BLOCKS = YES;
				GCC_OPTIMIZATION_LEVEL = 0;
				GCC_PREPROCESSOR_DEFINITIONS = (
					"DEBUG=1",
					"$(inherited)",
				);
				GCC_WARN_64_TO_32_BIT_CONVERSION = YES;
				GCC_WARN_ABOUT_RETURN_TYPE = YES_ERROR;
				GCC_WARN_UNDECLARED_SELECTOR = YES;
				GCC_WARN_UNINITIALIZED_AUTOS = YES_AGGRESSIVE;
				GCC_WARN_UNUSED_FUNCTION = YES;
				GCC_WARN_UNUSED_VARIABLE = YES;
				IPHONEOS_DEPLOYMENT_TARGET = 12.2;
				MTL_ENABLE_DEBUG_INFO = INCLUDE_SOURCE;
				MTL_FAST_MATH = YES;
				ONLY_ACTIVE_ARCH = YES;
				SDKROOT = iphoneos;
				SWIFT_ACTIVE_COMPILATION_CONDITIONS = DEBUG;
				SWIFT_OPTIMIZATION_LEVEL = "-Onone";
			};
			name = Debug;
		};
		1894D37A22A2F9370074276B /* Release */ = {
			isa = XCBuildConfiguration;
			buildSettings = {
				ALWAYS_SEARCH_USER_PATHS = NO;
				CLANG_ANALYZER_NONNULL = YES;
				CLANG_ANALYZER_NUMBER_OBJECT_CONVERSION = YES_AGGRESSIVE;
				CLANG_CXX_LANGUAGE_STANDARD = "gnu++14";
				CLANG_CXX_LIBRARY = "libc++";
				CLANG_ENABLE_MODULES = YES;
				CLANG_ENABLE_OBJC_ARC = YES;
				CLANG_ENABLE_OBJC_WEAK = YES;
				CLANG_WARN_BLOCK_CAPTURE_AUTORELEASING = YES;
				CLANG_WARN_BOOL_CONVERSION = YES;
				CLANG_WARN_COMMA = YES;
				CLANG_WARN_CONSTANT_CONVERSION = YES;
				CLANG_WARN_DEPRECATED_OBJC_IMPLEMENTATIONS = YES;
				CLANG_WARN_DIRECT_OBJC_ISA_USAGE = YES_ERROR;
				CLANG_WARN_DOCUMENTATION_COMMENTS = YES;
				CLANG_WARN_EMPTY_BODY = YES;
				CLANG_WARN_ENUM_CONVERSION = YES;
				CLANG_WARN_INFINITE_RECURSION = YES;
				CLANG_WARN_INT_CONVERSION = YES;
				CLANG_WARN_NON_LITERAL_NULL_CONVERSION = YES;
				CLANG_WARN_OBJC_IMPLICIT_RETAIN_SELF = YES;
				CLANG_WARN_OBJC_LITERAL_CONVERSION = YES;
				CLANG_WARN_OBJC_ROOT_CLASS = YES_ERROR;
				CLANG_WARN_RANGE_LOOP_ANALYSIS = YES;
				CLANG_WARN_STRICT_PROTOTYPES = YES;
				CLANG_WARN_SUSPICIOUS_MOVE = YES;
				CLANG_WARN_UNGUARDED_AVAILABILITY = YES_AGGRESSIVE;
				CLANG_WARN_UNREACHABLE_CODE = YES;
				CLANG_WARN__DUPLICATE_METHOD_MATCH = YES;
				CODE_SIGN_IDENTITY = "iPhone Developer";
				COPY_PHASE_STRIP = NO;
				DEBUG_INFORMATION_FORMAT = "dwarf-with-dsym";
				ENABLE_NS_ASSERTIONS = NO;
				ENABLE_STRICT_OBJC_MSGSEND = YES;
				GCC_C_LANGUAGE_STANDARD = gnu11;
				GCC_NO_COMMON_BLOCKS = YES;
				GCC_WARN_64_TO_32_BIT_CONVERSION = YES;
				GCC_WARN_ABOUT_RETURN_TYPE = YES_ERROR;
				GCC_WARN_UNDECLARED_SELECTOR = YES;
				GCC_WARN_UNINITIALIZED_AUTOS = YES_AGGRESSIVE;
				GCC_WARN_UNUSED_FUNCTION = YES;
				GCC_WARN_UNUSED_VARIABLE = YES;
				IPHONEOS_DEPLOYMENT_TARGET = 12.2;
				MTL_ENABLE_DEBUG_INFO = NO;
				MTL_FAST_MATH = YES;
				SDKROOT = iphoneos;
				SWIFT_COMPILATION_MODE = wholemodule;
				SWIFT_OPTIMIZATION_LEVEL = "-O";
				VALIDATE_PRODUCT = YES;
			};
			name = Release;
		};
		1894D37C22A2F9370074276B /* Debug */ = {
			isa = XCBuildConfiguration;
			baseConfigurationReference = 19E9DEAFD7E8C512E7484A6D /* Pods-Weather.debug.xcconfig */;
			buildSettings = {
				ASSETCATALOG_COMPILER_APPICON_NAME = AppIcon;
				CODE_SIGN_STYLE = Automatic;
				DEVELOPMENT_TEAM = TXH9ALPT83;
				FRAMEWORK_SEARCH_PATHS = (
					"$(inherited)",
					"$(PROJECT_DIR)",
					"$(PROJECT_DIR)/Weather",
				);
				INFOPLIST_FILE = Weather/OtherFiles/Info.plist;
				IPHONEOS_DEPLOYMENT_TARGET = 8.0;
				LD_RUNPATH_SEARCH_PATHS = (
					"$(inherited)",
					"@executable_path/Frameworks",
				);
				PRODUCT_BUNDLE_IDENTIFIER = aaronmhr.Weather;
				PRODUCT_NAME = "$(TARGET_NAME)";
				SWIFT_VERSION = 5.0;
				TARGETED_DEVICE_FAMILY = "1,2";
			};
			name = Debug;
		};
		1894D37D22A2F9370074276B /* Release */ = {
			isa = XCBuildConfiguration;
			baseConfigurationReference = C62E0652FA8F2B1CB1CDF413 /* Pods-Weather.release.xcconfig */;
			buildSettings = {
				ASSETCATALOG_COMPILER_APPICON_NAME = AppIcon;
				CODE_SIGN_STYLE = Automatic;
				DEVELOPMENT_TEAM = TXH9ALPT83;
				FRAMEWORK_SEARCH_PATHS = (
					"$(inherited)",
					"$(PROJECT_DIR)",
					"$(PROJECT_DIR)/Weather",
				);
				INFOPLIST_FILE = Weather/OtherFiles/Info.plist;
				IPHONEOS_DEPLOYMENT_TARGET = 8.0;
				LD_RUNPATH_SEARCH_PATHS = (
					"$(inherited)",
					"@executable_path/Frameworks",
				);
				PRODUCT_BUNDLE_IDENTIFIER = aaronmhr.Weather;
				PRODUCT_NAME = "$(TARGET_NAME)";
				SWIFT_VERSION = 5.0;
				TARGETED_DEVICE_FAMILY = "1,2";
			};
			name = Release;
		};
/* End XCBuildConfiguration section */

/* Begin XCConfigurationList section */
		180A103B22A489030096E0A3 /* Build configuration list for PBXNativeTarget "WeatherTests" */ = {
			isa = XCConfigurationList;
			buildConfigurations = (
				180A103C22A489030096E0A3 /* Debug */,
				180A103D22A489030096E0A3 /* Release */,
			);
			defaultConfigurationIsVisible = 0;
			defaultConfigurationName = Release;
		};
		1894D36422A2F9360074276B /* Build configuration list for PBXProject "Weather" */ = {
			isa = XCConfigurationList;
			buildConfigurations = (
				1894D37922A2F9370074276B /* Debug */,
				1894D37A22A2F9370074276B /* Release */,
			);
			defaultConfigurationIsVisible = 0;
			defaultConfigurationName = Release;
		};
		1894D37B22A2F9370074276B /* Build configuration list for PBXNativeTarget "Weather" */ = {
			isa = XCConfigurationList;
			buildConfigurations = (
				1894D37C22A2F9370074276B /* Debug */,
				1894D37D22A2F9370074276B /* Release */,
			);
			defaultConfigurationIsVisible = 0;
			defaultConfigurationName = Release;
		};
/* End XCConfigurationList section */
	};
	rootObject = 1894D36122A2F9360074276B /* Project object */;
}
