// !$*UTF8*$!
{
	archiveVersion = 1;
	classes = {
	};
	objectVersion = 50;
	objects = {

/* Begin PBXBuildFile section */
		1894D36D22A2F9360074276B /* AppDelegate.swift in Sources */ = {isa = PBXBuildFile; fileRef = 1894D36C22A2F9360074276B /* AppDelegate.swift */; };
		1894D37422A2F9370074276B /* Assets.xcassets in Resources */ = {isa = PBXBuildFile; fileRef = 1894D37322A2F9370074276B /* Assets.xcassets */; };
		1894D37722A2F9370074276B /* LaunchScreen.storyboard in Resources */ = {isa = PBXBuildFile; fileRef = 1894D37522A2F9370074276B /* LaunchScreen.storyboard */; };
		1894D3CA22A31AFB0074276B /* UIWindow+.swift in Sources */ = {isa = PBXBuildFile; fileRef = 1894D3C922A31AFB0074276B /* UIWindow+.swift */; };
		1894D3D622A321550074276B /* BaseProject.framework in Frameworks */ = {isa = PBXBuildFile; fileRef = 1894D3D522A321550074276B /* BaseProject.framework */; };
		1894D3D722A323120074276B /* BaseProject.framework in Frameworks */ = {isa = PBXBuildFile; fileRef = 1894D3D522A321550074276B /* BaseProject.framework */; };
		1894D3D822A323120074276B /* BaseProject.framework in Embed Frameworks */ = {isa = PBXBuildFile; fileRef = 1894D3D522A321550074276B /* BaseProject.framework */; settings = {ATTRIBUTES = (CodeSignOnCopy, RemoveHeadersOnCopy, ); }; };
		1894D3EC22A336390074276B /* ListPresenter.swift in Sources */ = {isa = PBXBuildFile; fileRef = 1894D3E222A336390074276B /* ListPresenter.swift */; };
		1894D3ED22A336390074276B /* ListViewController.swift in Sources */ = {isa = PBXBuildFile; fileRef = 1894D3E422A336390074276B /* ListViewController.swift */; };
		1894D3EE22A336390074276B /* List.storyboard in Resources */ = {isa = PBXBuildFile; fileRef = 1894D3E522A336390074276B /* List.storyboard */; };
		1894D3EF22A336390074276B /* ListProtocols.swift in Sources */ = {isa = PBXBuildFile; fileRef = 1894D3E722A336390074276B /* ListProtocols.swift */; };
		1894D3F022A336390074276B /* ListInteractor.swift in Sources */ = {isa = PBXBuildFile; fileRef = 1894D3E922A336390074276B /* ListInteractor.swift */; };
		1894D3F122A336390074276B /* ListRouter.swift in Sources */ = {isa = PBXBuildFile; fileRef = 1894D3EB22A336390074276B /* ListRouter.swift */; };
		1894D40022A337BB0074276B /* DetailPresenter.swift in Sources */ = {isa = PBXBuildFile; fileRef = 1894D3F622A337BB0074276B /* DetailPresenter.swift */; };
		1894D40122A337BB0074276B /* Detail.storyboard in Resources */ = {isa = PBXBuildFile; fileRef = 1894D3F822A337BB0074276B /* Detail.storyboard */; };
		1894D40222A337BB0074276B /* DetailViewController.swift in Sources */ = {isa = PBXBuildFile; fileRef = 1894D3F922A337BB0074276B /* DetailViewController.swift */; };
		1894D40322A337BB0074276B /* DetailProtocols.swift in Sources */ = {isa = PBXBuildFile; fileRef = 1894D3FB22A337BB0074276B /* DetailProtocols.swift */; };
		1894D40422A337BB0074276B /* DetailInteractor.swift in Sources */ = {isa = PBXBuildFile; fileRef = 1894D3FD22A337BB0074276B /* DetailInteractor.swift */; };
		1894D40522A337BB0074276B /* DetailRouter.swift in Sources */ = {isa = PBXBuildFile; fileRef = 1894D3FF22A337BB0074276B /* DetailRouter.swift */; };
/* End PBXBuildFile section */

/* Begin PBXCopyFilesBuildPhase section */
		1894D3C222A318730074276B /* Embed Frameworks */ = {
			isa = PBXCopyFilesBuildPhase;
			buildActionMask = 2147483647;
			dstPath = "";
			dstSubfolderSpec = 10;
			files = (
				1894D3D822A323120074276B /* BaseProject.framework in Embed Frameworks */,
			);
			name = "Embed Frameworks";
			runOnlyForDeploymentPostprocessing = 0;
		};
/* End PBXCopyFilesBuildPhase section */

/* Begin PBXFileReference section */
		1894D36922A2F9360074276B /* Weather.app */ = {isa = PBXFileReference; explicitFileType = wrapper.application; includeInIndex = 0; path = Weather.app; sourceTree = BUILT_PRODUCTS_DIR; };
		1894D36C22A2F9360074276B /* AppDelegate.swift */ = {isa = PBXFileReference; lastKnownFileType = sourcecode.swift; path = AppDelegate.swift; sourceTree = "<group>"; };
		1894D37322A2F9370074276B /* Assets.xcassets */ = {isa = PBXFileReference; lastKnownFileType = folder.assetcatalog; path = Assets.xcassets; sourceTree = "<group>"; };
		1894D37622A2F9370074276B /* Base */ = {isa = PBXFileReference; lastKnownFileType = file.storyboard; name = Base; path = Base.lproj/LaunchScreen.storyboard; sourceTree = "<group>"; };
		1894D37822A2F9370074276B /* Info.plist */ = {isa = PBXFileReference; lastKnownFileType = text.plist.xml; path = Info.plist; sourceTree = "<group>"; };
		1894D3C922A31AFB0074276B /* UIWindow+.swift */ = {isa = PBXFileReference; lastKnownFileType = sourcecode.swift; path = "UIWindow+.swift"; sourceTree = "<group>"; };
		1894D3D522A321550074276B /* BaseProject.framework */ = {isa = PBXFileReference; lastKnownFileType = wrapper.framework; path = BaseProject.framework; sourceTree = "<group>"; };
		1894D3E222A336390074276B /* ListPresenter.swift */ = {isa = PBXFileReference; fileEncoding = 4; lastKnownFileType = sourcecode.swift; path = ListPresenter.swift; sourceTree = "<group>"; };
		1894D3E422A336390074276B /* ListViewController.swift */ = {isa = PBXFileReference; fileEncoding = 4; lastKnownFileType = sourcecode.swift; path = ListViewController.swift; sourceTree = "<group>"; };
		1894D3E522A336390074276B /* List.storyboard */ = {isa = PBXFileReference; fileEncoding = 4; lastKnownFileType = file.storyboard; path = List.storyboard; sourceTree = "<group>"; };
		1894D3E722A336390074276B /* ListProtocols.swift */ = {isa = PBXFileReference; fileEncoding = 4; lastKnownFileType = sourcecode.swift; path = ListProtocols.swift; sourceTree = "<group>"; };
		1894D3E922A336390074276B /* ListInteractor.swift */ = {isa = PBXFileReference; fileEncoding = 4; lastKnownFileType = sourcecode.swift; path = ListInteractor.swift; sourceTree = "<group>"; };
		1894D3EB22A336390074276B /* ListRouter.swift */ = {isa = PBXFileReference; fileEncoding = 4; lastKnownFileType = sourcecode.swift; path = ListRouter.swift; sourceTree = "<group>"; };
		1894D3F622A337BB0074276B /* DetailPresenter.swift */ = {isa = PBXFileReference; fileEncoding = 4; lastKnownFileType = sourcecode.swift; path = DetailPresenter.swift; sourceTree = "<group>"; };
		1894D3F822A337BB0074276B /* Detail.storyboard */ = {isa = PBXFileReference; fileEncoding = 4; lastKnownFileType = file.storyboard; path = Detail.storyboard; sourceTree = "<group>"; };
		1894D3F922A337BB0074276B /* DetailViewController.swift */ = {isa = PBXFileReference; fileEncoding = 4; lastKnownFileType = sourcecode.swift; path = DetailViewController.swift; sourceTree = "<group>"; };
		1894D3FB22A337BB0074276B /* DetailProtocols.swift */ = {isa = PBXFileReference; fileEncoding = 4; lastKnownFileType = sourcecode.swift; path = DetailProtocols.swift; sourceTree = "<group>"; };
		1894D3FD22A337BB0074276B /* DetailInteractor.swift */ = {isa = PBXFileReference; fileEncoding = 4; lastKnownFileType = sourcecode.swift; path = DetailInteractor.swift; sourceTree = "<group>"; };
		1894D3FF22A337BB0074276B /* DetailRouter.swift */ = {isa = PBXFileReference; fileEncoding = 4; lastKnownFileType = sourcecode.swift; path = DetailRouter.swift; sourceTree = "<group>"; };
/* End PBXFileReference section */

/* Begin PBXFrameworksBuildPhase section */
		1894D36622A2F9360074276B /* Frameworks */ = {
			isa = PBXFrameworksBuildPhase;
			buildActionMask = 2147483647;
			files = (
				1894D3D622A321550074276B /* BaseProject.framework in Frameworks */,
				1894D3D722A323120074276B /* BaseProject.framework in Frameworks */,
			);
			runOnlyForDeploymentPostprocessing = 0;
		};
/* End PBXFrameworksBuildPhase section */

/* Begin PBXGroup section */
		180A100622A3E8DC0096E0A3 /* Common */ = {
			isa = PBXGroup;
			children = (
				180A100722A3E8F10096E0A3 /* Models */,
				180A100822A3E9800096E0A3 /* RequestModels */,
				180A100A22A3E9910096E0A3 /* PersistencyModels */,
				180A100922A3E98A0096E0A3 /* ViewModels */,
			);
			path = Common;
			sourceTree = "<group>";
		};
		180A100722A3E8F10096E0A3 /* Models */ = {
			isa = PBXGroup;
			children = (
			);
			path = Models;
			sourceTree = "<group>";
		};
		180A100822A3E9800096E0A3 /* RequestModels */ = {
			isa = PBXGroup;
			children = (
			);
			path = RequestModels;
			sourceTree = "<group>";
		};
		180A100922A3E98A0096E0A3 /* ViewModels */ = {
			isa = PBXGroup;
			children = (
			);
			path = ViewModels;
			sourceTree = "<group>";
		};
		180A100A22A3E9910096E0A3 /* PersistencyModels */ = {
			isa = PBXGroup;
			children = (
			);
			path = PersistencyModels;
			sourceTree = "<group>";
		};
		1894D36022A2F9360074276B = {
			isa = PBXGroup;
			children = (
				1894D3D522A321550074276B /* BaseProject.framework */,
				1894D36B22A2F9360074276B /* Weather */,
				1894D36A22A2F9360074276B /* Products */,
			);
			sourceTree = "<group>";
		};
		1894D36A22A2F9360074276B /* Products */ = {
			isa = PBXGroup;
			children = (
				1894D36922A2F9360074276B /* Weather.app */,
			);
			name = Products;
			sourceTree = "<group>";
		};
		1894D36B22A2F9360074276B /* Weather */ = {
			isa = PBXGroup;
			children = (
				180A100622A3E8DC0096E0A3 /* Common */,
				1894D3D922A335C80074276B /* Features */,
				1894D37E22A2FC550074276B /* Extensions */,
				1894D40622A338BF0074276B /* Resources */,
				1894D40722A338E20074276B /* OtherFiles */,
			);
			path = Weather;
			sourceTree = "<group>";
		};
		1894D37E22A2FC550074276B /* Extensions */ = {
			isa = PBXGroup;
			children = (
				1894D3C922A31AFB0074276B /* UIWindow+.swift */,
			);
			path = Extensions;
			sourceTree = "<group>";
		};
		1894D3D922A335C80074276B /* Features */ = {
			isa = PBXGroup;
			children = (
				1894D3E022A336390074276B /* List */,
				1894D3F422A337BB0074276B /* Detail */,
			);
			path = Features;
			sourceTree = "<group>";
		};
		1894D3E022A336390074276B /* List */ = {
			isa = PBXGroup;
			children = (
				1894D3E122A336390074276B /* Presenter */,
				1894D3E322A336390074276B /* View */,
				1894D3E622A336390074276B /* Protocols */,
				1894D3E822A336390074276B /* Interactor */,
				1894D3EA22A336390074276B /* Router */,
			);
			path = List;
			sourceTree = "<group>";
		};
		1894D3E122A336390074276B /* Presenter */ = {
			isa = PBXGroup;
			children = (
				1894D3E222A336390074276B /* ListPresenter.swift */,
			);
			path = Presenter;
			sourceTree = "<group>";
		};
		1894D3E322A336390074276B /* View */ = {
			isa = PBXGroup;
			children = (
				1894D3E422A336390074276B /* ListViewController.swift */,
				1894D3E522A336390074276B /* List.storyboard */,
			);
			path = View;
			sourceTree = "<group>";
		};
		1894D3E622A336390074276B /* Protocols */ = {
			isa = PBXGroup;
			children = (
				1894D3E722A336390074276B /* ListProtocols.swift */,
			);
			path = Protocols;
			sourceTree = "<group>";
		};
		1894D3E822A336390074276B /* Interactor */ = {
			isa = PBXGroup;
			children = (
				1894D3E922A336390074276B /* ListInteractor.swift */,
			);
			path = Interactor;
			sourceTree = "<group>";
		};
		1894D3EA22A336390074276B /* Router */ = {
			isa = PBXGroup;
			children = (
				1894D3EB22A336390074276B /* ListRouter.swift */,
			);
			path = Router;
			sourceTree = "<group>";
		};
		1894D3F422A337BB0074276B /* Detail */ = {
			isa = PBXGroup;
			children = (
				1894D3F522A337BB0074276B /* Presenter */,
				1894D3F722A337BB0074276B /* View */,
				1894D3FA22A337BB0074276B /* Protocols */,
				1894D3FC22A337BB0074276B /* Interactor */,
				1894D3FE22A337BB0074276B /* Router */,
			);
			path = Detail;
			sourceTree = "<group>";
		};
		1894D3F522A337BB0074276B /* Presenter */ = {
			isa = PBXGroup;
			children = (
				1894D3F622A337BB0074276B /* DetailPresenter.swift */,
			);
			path = Presenter;
			sourceTree = "<group>";
		};
		1894D3F722A337BB0074276B /* View */ = {
			isa = PBXGroup;
			children = (
				1894D3F822A337BB0074276B /* Detail.storyboard */,
				1894D3F922A337BB0074276B /* DetailViewController.swift */,
			);
			path = View;
			sourceTree = "<group>";
		};
		1894D3FA22A337BB0074276B /* Protocols */ = {
			isa = PBXGroup;
			children = (
				1894D3FB22A337BB0074276B /* DetailProtocols.swift */,
			);
			path = Protocols;
			sourceTree = "<group>";
		};
		1894D3FC22A337BB0074276B /* Interactor */ = {
			isa = PBXGroup;
			children = (
				1894D3FD22A337BB0074276B /* DetailInteractor.swift */,
			);
			path = Interactor;
			sourceTree = "<group>";
		};
		1894D3FE22A337BB0074276B /* Router */ = {
			isa = PBXGroup;
			children = (
				1894D3FF22A337BB0074276B /* DetailRouter.swift */,
			);
			path = Router;
			sourceTree = "<group>";
		};
		1894D40622A338BF0074276B /* Resources */ = {
			isa = PBXGroup;
			children = (
				1894D37522A2F9370074276B /* LaunchScreen.storyboard */,
				1894D37322A2F9370074276B /* Assets.xcassets */,
			);
			path = Resources;
			sourceTree = "<group>";
		};
		1894D40722A338E20074276B /* OtherFiles */ = {
			isa = PBXGroup;
			children = (
				1894D36C22A2F9360074276B /* AppDelegate.swift */,
				1894D37822A2F9370074276B /* Info.plist */,
			);
			path = OtherFiles;
			sourceTree = "<group>";
		};
/* End PBXGroup section */

/* Begin PBXNativeTarget section */
		1894D36822A2F9360074276B /* Weather */ = {
			isa = PBXNativeTarget;
			buildConfigurationList = 1894D37B22A2F9370074276B /* Build configuration list for PBXNativeTarget "Weather" */;
			buildPhases = (
				1894D36522A2F9360074276B /* Sources */,
				1894D36622A2F9360074276B /* Frameworks */,
				1894D36722A2F9360074276B /* Resources */,
				1894D3C222A318730074276B /* Embed Frameworks */,
			);
			buildRules = (
			);
			dependencies = (
			);
			name = Weather;
			productName = Weather;
			productReference = 1894D36922A2F9360074276B /* Weather.app */;
			productType = "com.apple.product-type.application";
		};
/* End PBXNativeTarget section */

/* Begin PBXProject section */
		1894D36122A2F9360074276B /* Project object */ = {
			isa = PBXProject;
			attributes = {
				LastSwiftUpdateCheck = 1020;
				LastUpgradeCheck = 1020;
				ORGANIZATIONNAME = "Aaron Huánuco";
				TargetAttributes = {
					1894D36822A2F9360074276B = {
						CreatedOnToolsVersion = 10.2.1;
					};
				};
			};
			buildConfigurationList = 1894D36422A2F9360074276B /* Build configuration list for PBXProject "Weather" */;
			compatibilityVersion = "Xcode 9.3";
			developmentRegion = en;
			hasScannedForEncodings = 0;
			knownRegions = (
				en,
				Base,
			);
			mainGroup = 1894D36022A2F9360074276B;
			productRefGroup = 1894D36A22A2F9360074276B /* Products */;
			projectDirPath = "";
			projectRoot = "";
			targets = (
				1894D36822A2F9360074276B /* Weather */,
			);
		};
/* End PBXProject section */

/* Begin PBXResourcesBuildPhase section */
		1894D36722A2F9360074276B /* Resources */ = {
			isa = PBXResourcesBuildPhase;
			buildActionMask = 2147483647;
			files = (
				1894D37722A2F9370074276B /* LaunchScreen.storyboard in Resources */,
				1894D3EE22A336390074276B /* List.storyboard in Resources */,
				1894D37422A2F9370074276B /* Assets.xcassets in Resources */,
				1894D40122A337BB0074276B /* Detail.storyboard in Resources */,
			);
			runOnlyForDeploymentPostprocessing = 0;
		};
/* End PBXResourcesBuildPhase section */

/* Begin PBXSourcesBuildPhase section */
		1894D36522A2F9360074276B /* Sources */ = {
			isa = PBXSourcesBuildPhase;
			buildActionMask = 2147483647;
			files = (
				1894D40222A337BB0074276B /* DetailViewController.swift in Sources */,
				1894D40422A337BB0074276B /* DetailInteractor.swift in Sources */,
				1894D3F022A336390074276B /* ListInteractor.swift in Sources */,
				1894D3F122A336390074276B /* ListRouter.swift in Sources */,
				1894D3CA22A31AFB0074276B /* UIWindow+.swift in Sources */,
				1894D40022A337BB0074276B /* DetailPresenter.swift in Sources */,
				1894D3EC22A336390074276B /* ListPresenter.swift in Sources */,
				1894D3ED22A336390074276B /* ListViewController.swift in Sources */,
				1894D3EF22A336390074276B /* ListProtocols.swift in Sources */,
				1894D40522A337BB0074276B /* DetailRouter.swift in Sources */,
				1894D40322A337BB0074276B /* DetailProtocols.swift in Sources */,
				1894D36D22A2F9360074276B /* AppDelegate.swift in Sources */,
			);
			runOnlyForDeploymentPostprocessing = 0;
		};
/* End PBXSourcesBuildPhase section */

/* Begin PBXVariantGroup section */
		1894D37522A2F9370074276B /* LaunchScreen.storyboard */ = {
			isa = PBXVariantGroup;
			children = (
				1894D37622A2F9370074276B /* Base */,
			);
			name = LaunchScreen.storyboard;
			sourceTree = "<group>";
		};
/* End PBXVariantGroup section */

/* Begin XCBuildConfiguration section */
		1894D37922A2F9370074276B /* Debug */ = {
			isa = XCBuildConfiguration;
			buildSettings = {
				ALWAYS_SEARCH_USER_PATHS = NO;
				CLANG_ANALYZER_NONNULL = YES;
				CLANG_ANALYZER_NUMBER_OBJECT_CONVERSION = YES_AGGRESSIVE;
				CLANG_CXX_LANGUAGE_STANDARD = "gnu++14";
				CLANG_CXX_LIBRARY = "libc++";
				CLANG_ENABLE_MODULES = YES;
				CLANG_ENABLE_OBJC_ARC = YES;
				CLANG_ENABLE_OBJC_WEAK = YES;
				CLANG_WARN_BLOCK_CAPTURE_AUTORELEASING = YES;
				CLANG_WARN_BOOL_CONVERSION = YES;
				CLANG_WARN_COMMA = YES;
				CLANG_WARN_CONSTANT_CONVERSION = YES;
				CLANG_WARN_DEPRECATED_OBJC_IMPLEMENTATIONS = YES;
				CLANG_WARN_DIRECT_OBJC_ISA_USAGE = YES_ERROR;
				CLANG_WARN_DOCUMENTATION_COMMENTS = YES;
				CLANG_WARN_EMPTY_BODY = YES;
				CLANG_WARN_ENUM_CONVERSION = YES;
				CLANG_WARN_INFINITE_RECURSION = YES;
				CLANG_WARN_INT_CONVERSION = YES;
				CLANG_WARN_NON_LITERAL_NULL_CONVERSION = YES;
				CLANG_WARN_OBJC_IMPLICIT_RETAIN_SELF = YES;
				CLANG_WARN_OBJC_LITERAL_CONVERSION = YES;
				CLANG_WARN_OBJC_ROOT_CLASS = YES_ERROR;
				CLANG_WARN_RANGE_LOOP_ANALYSIS = YES;
				CLANG_WARN_STRICT_PROTOTYPES = YES;
				CLANG_WARN_SUSPICIOUS_MOVE = YES;
				CLANG_WARN_UNGUARDED_AVAILABILITY = YES_AGGRESSIVE;
				CLANG_WARN_UNREACHABLE_CODE = YES;
				CLANG_WARN__DUPLICATE_METHOD_MATCH = YES;
				CODE_SIGN_IDENTITY = "iPhone Developer";
				COPY_PHASE_STRIP = NO;
				DEBUG_INFORMATION_FORMAT = dwarf;
				ENABLE_STRICT_OBJC_MSGSEND = YES;
				ENABLE_TESTABILITY = YES;
				GCC_C_LANGUAGE_STANDARD = gnu11;
				GCC_DYNAMIC_NO_PIC = NO;
				GCC_NO_COMMON_BLOCKS = YES;
				GCC_OPTIMIZATION_LEVEL = 0;
				GCC_PREPROCESSOR_DEFINITIONS = (
					"DEBUG=1",
					"$(inherited)",
				);
				GCC_WARN_64_TO_32_BIT_CONVERSION = YES;
				GCC_WARN_ABOUT_RETURN_TYPE = YES_ERROR;
				GCC_WARN_UNDECLARED_SELECTOR = YES;
				GCC_WARN_UNINITIALIZED_AUTOS = YES_AGGRESSIVE;
				GCC_WARN_UNUSED_FUNCTION = YES;
				GCC_WARN_UNUSED_VARIABLE = YES;
				IPHONEOS_DEPLOYMENT_TARGET = 12.2;
				MTL_ENABLE_DEBUG_INFO = INCLUDE_SOURCE;
				MTL_FAST_MATH = YES;
				ONLY_ACTIVE_ARCH = YES;
				SDKROOT = iphoneos;
				SWIFT_ACTIVE_COMPILATION_CONDITIONS = DEBUG;
				SWIFT_OPTIMIZATION_LEVEL = "-Onone";
			};
			name = Debug;
		};
		1894D37A22A2F9370074276B /* Release */ = {
			isa = XCBuildConfiguration;
			buildSettings = {
				ALWAYS_SEARCH_USER_PATHS = NO;
				CLANG_ANALYZER_NONNULL = YES;
				CLANG_ANALYZER_NUMBER_OBJECT_CONVERSION = YES_AGGRESSIVE;
				CLANG_CXX_LANGUAGE_STANDARD = "gnu++14";
				CLANG_CXX_LIBRARY = "libc++";
				CLANG_ENABLE_MODULES = YES;
				CLANG_ENABLE_OBJC_ARC = YES;
				CLANG_ENABLE_OBJC_WEAK = YES;
				CLANG_WARN_BLOCK_CAPTURE_AUTORELEASING = YES;
				CLANG_WARN_BOOL_CONVERSION = YES;
				CLANG_WARN_COMMA = YES;
				CLANG_WARN_CONSTANT_CONVERSION = YES;
				CLANG_WARN_DEPRECATED_OBJC_IMPLEMENTATIONS = YES;
				CLANG_WARN_DIRECT_OBJC_ISA_USAGE = YES_ERROR;
				CLANG_WARN_DOCUMENTATION_COMMENTS = YES;
				CLANG_WARN_EMPTY_BODY = YES;
				CLANG_WARN_ENUM_CONVERSION = YES;
				CLANG_WARN_INFINITE_RECURSION = YES;
				CLANG_WARN_INT_CONVERSION = YES;
				CLANG_WARN_NON_LITERAL_NULL_CONVERSION = YES;
				CLANG_WARN_OBJC_IMPLICIT_RETAIN_SELF = YES;
				CLANG_WARN_OBJC_LITERAL_CONVERSION = YES;
				CLANG_WARN_OBJC_ROOT_CLASS = YES_ERROR;
				CLANG_WARN_RANGE_LOOP_ANALYSIS = YES;
				CLANG_WARN_STRICT_PROTOTYPES = YES;
				CLANG_WARN_SUSPICIOUS_MOVE = YES;
				CLANG_WARN_UNGUARDED_AVAILABILITY = YES_AGGRESSIVE;
				CLANG_WARN_UNREACHABLE_CODE = YES;
				CLANG_WARN__DUPLICATE_METHOD_MATCH = YES;
				CODE_SIGN_IDENTITY = "iPhone Developer";
				COPY_PHASE_STRIP = NO;
				DEBUG_INFORMATION_FORMAT = "dwarf-with-dsym";
				ENABLE_NS_ASSERTIONS = NO;
				ENABLE_STRICT_OBJC_MSGSEND = YES;
				GCC_C_LANGUAGE_STANDARD = gnu11;
				GCC_NO_COMMON_BLOCKS = YES;
				GCC_WARN_64_TO_32_BIT_CONVERSION = YES;
				GCC_WARN_ABOUT_RETURN_TYPE = YES_ERROR;
				GCC_WARN_UNDECLARED_SELECTOR = YES;
				GCC_WARN_UNINITIALIZED_AUTOS = YES_AGGRESSIVE;
				GCC_WARN_UNUSED_FUNCTION = YES;
				GCC_WARN_UNUSED_VARIABLE = YES;
				IPHONEOS_DEPLOYMENT_TARGET = 12.2;
				MTL_ENABLE_DEBUG_INFO = NO;
				MTL_FAST_MATH = YES;
				SDKROOT = iphoneos;
				SWIFT_COMPILATION_MODE = wholemodule;
				SWIFT_OPTIMIZATION_LEVEL = "-O";
				VALIDATE_PRODUCT = YES;
			};
			name = Release;
		};
		1894D37C22A2F9370074276B /* Debug */ = {
			isa = XCBuildConfiguration;
			buildSettings = {
				ASSETCATALOG_COMPILER_APPICON_NAME = AppIcon;
				CODE_SIGN_STYLE = Automatic;
				DEVELOPMENT_TEAM = TXH9ALPT83;
				FRAMEWORK_SEARCH_PATHS = (
					"$(inherited)",
					"$(PROJECT_DIR)",
					"$(PROJECT_DIR)/Weather",
				);
				INFOPLIST_FILE = Weather/OtherFiles/Info.plist;
				IPHONEOS_DEPLOYMENT_TARGET = 8.0;
				LD_RUNPATH_SEARCH_PATHS = (
					"$(inherited)",
					"@executable_path/Frameworks",
				);
				PRODUCT_BUNDLE_IDENTIFIER = aaronmhr.Weather;
				PRODUCT_NAME = "$(TARGET_NAME)";
				SWIFT_VERSION = 5.0;
				TARGETED_DEVICE_FAMILY = "1,2";
			};
			name = Debug;
		};
		1894D37D22A2F9370074276B /* Release */ = {
			isa = XCBuildConfiguration;
			buildSettings = {
				ASSETCATALOG_COMPILER_APPICON_NAME = AppIcon;
				CODE_SIGN_STYLE = Automatic;
				DEVELOPMENT_TEAM = TXH9ALPT83;
				FRAMEWORK_SEARCH_PATHS = (
					"$(inherited)",
					"$(PROJECT_DIR)",
					"$(PROJECT_DIR)/Weather",
				);
				INFOPLIST_FILE = Weather/OtherFiles/Info.plist;
				IPHONEOS_DEPLOYMENT_TARGET = 8.0;
				LD_RUNPATH_SEARCH_PATHS = (
					"$(inherited)",
					"@executable_path/Frameworks",
				);
				PRODUCT_BUNDLE_IDENTIFIER = aaronmhr.Weather;
				PRODUCT_NAME = "$(TARGET_NAME)";
				SWIFT_VERSION = 5.0;
				TARGETED_DEVICE_FAMILY = "1,2";
			};
			name = Release;
		};
/* End XCBuildConfiguration section */

/* Begin XCConfigurationList section */
		1894D36422A2F9360074276B /* Build configuration list for PBXProject "Weather" */ = {
			isa = XCConfigurationList;
			buildConfigurations = (
				1894D37922A2F9370074276B /* Debug */,
				1894D37A22A2F9370074276B /* Release */,
			);
			defaultConfigurationIsVisible = 0;
			defaultConfigurationName = Release;
		};
		1894D37B22A2F9370074276B /* Build configuration list for PBXNativeTarget "Weather" */ = {
			isa = XCConfigurationList;
			buildConfigurations = (
				1894D37C22A2F9370074276B /* Debug */,
				1894D37D22A2F9370074276B /* Release */,
			);
			defaultConfigurationIsVisible = 0;
			defaultConfigurationName = Release;
		};
/* End XCConfigurationList section */
	};
	rootObject = 1894D36122A2F9360074276B /* Project object */;
}
